
Microsoft Visual Studio Solution File, Format Version 12.00
# Visual Studio 15
VisualStudioVersion = 15.0.27130.2027
MinimumVisualStudioVersion = 10.0.40219.1
Project("{FAE04EC0-301F-11D3-BF4B-00C04F79EFBC}") = "A2", "A2\A2.csproj", "{9B6B0B40-58D9-4BBC-8BAE-05F520D8B090}"
EndProject
Project("{FAE04EC0-301F-11D3-BF4B-00C04F79EFBC}") = "A2Tests", "A2Tests\A2Tests.csproj", "{B1B79F86-41F3-4616-9DA1-E5B52C2D36E6}"
EndProject
Project("{FAE04EC0-301F-11D3-BF4B-00C04F79EFBC}") = "TestCommon", "TestCommon\TestCommon.csproj", "{32A171D0-165D-4733-813F-4C63FB4459D6}"
EndProject
Global
	GlobalSection(SolutionConfigurationPlatforms) = preSolution
		Debug|Any CPU = Debug|Any CPU
		Release|Any CPU = Release|Any CPU
	EndGlobalSection
	GlobalSection(ProjectConfigurationPlatforms) = postSolution
		{9B6B0B40-58D9-4BBC-8BAE-05F520D8B090}.Debug|Any CPU.ActiveCfg = Debug|Any CPU
		{9B6B0B40-58D9-4BBC-8BAE-05F520D8B090}.Debug|Any CPU.Build.0 = Debug|Any CPU
		{9B6B0B40-58D9-4BBC-8BAE-05F520D8B090}.Release|Any CPU.ActiveCfg = Release|Any CPU
		{9B6B0B40-58D9-4BBC-8BAE-05F520D8B090}.Release|Any CPU.Build.0 = Release|Any CPU
		{B1B79F86-41F3-4616-9DA1-E5B52C2D36E6}.Debug|Any CPU.ActiveCfg = Debug|Any CPU
		{B1B79F86-41F3-4616-9DA1-E5B52C2D36E6}.Debug|Any CPU.Build.0 = Debug|Any CPU
		{B1B79F86-41F3-4616-9DA1-E5B52C2D36E6}.Release|Any CPU.ActiveCfg = Release|Any CPU
		{B1B79F86-41F3-4616-9DA1-E5B52C2D36E6}.Release|Any CPU.Build.0 = Release|Any CPU
		{32A171D0-165D-4733-813F-4C63FB4459D6}.Debug|Any CPU.ActiveCfg = Debug|Any CPU
		{32A171D0-165D-4733-813F-4C63FB4459D6}.Debug|Any CPU.Build.0 = Debug|Any CPU
		{32A171D0-165D-4733-813F-4C63FB4459D6}.Release|Any CPU.ActiveCfg = Release|Any CPU
		{32A171D0-165D-4733-813F-4C63FB4459D6}.Release|Any CPU.Build.0 = Release|Any CPU
	EndGlobalSection
	GlobalSection(SolutionProperties) = preSolution
		HideSolutionNode = FALSE
	EndGlobalSection
	GlobalSection(ExtensibilityGlobals) = postSolution
		SolutionGuid = {36FF1FE9-AF52-4CF6-8D49-36DB12F6D8B5}
	EndGlobalSection
EndGlobal
