
Microsoft Visual Studio Solution File, Format Version 12.00
# Visual Studio 15
VisualStudioVersion = 15.0.27130.2027
MinimumVisualStudioVersion = 10.0.40219.1
Project("{FAE04EC0-301F-11D3-BF4B-00C04F79EFBC}") = "A11", "A11\A11.csproj", "{01305623-FD34-4257-932C-FA9934318232}"
EndProject
Project("{FAE04EC0-301F-11D3-BF4B-00C04F79EFBC}") = "A11Tests", "A11Tests\A11Tests.csproj", "{F7E9493A-35E3-4D12-BB81-BE6E42B9F540}"
EndProject
Project("{FAE04EC0-301F-11D3-BF4B-00C04F79EFBC}") = "TestCommon", "..\Common\TestCommon\TestCommon.csproj", "{C39FF0C4-6960-42AD-8E2C-D2CAFE850A52}"
EndProject
Global
	GlobalSection(SolutionConfigurationPlatforms) = preSolution
		Debug|Any CPU = Debug|Any CPU
		Release|Any CPU = Release|Any CPU
	EndGlobalSection
	GlobalSection(ProjectConfigurationPlatforms) = postSolution
		{01305623-FD34-4257-932C-FA9934318232}.Debug|Any CPU.ActiveCfg = Debug|Any CPU
		{01305623-FD34-4257-932C-FA9934318232}.Debug|Any CPU.Build.0 = Debug|Any CPU
		{01305623-FD34-4257-932C-FA9934318232}.Release|Any CPU.ActiveCfg = Release|Any CPU
		{01305623-FD34-4257-932C-FA9934318232}.Release|Any CPU.Build.0 = Release|Any CPU
		{F7E9493A-35E3-4D12-BB81-BE6E42B9F540}.Debug|Any CPU.ActiveCfg = Debug|Any CPU
		{F7E9493A-35E3-4D12-BB81-BE6E42B9F540}.Debug|Any CPU.Build.0 = Debug|Any CPU
		{F7E9493A-35E3-4D12-BB81-BE6E42B9F540}.Release|Any CPU.ActiveCfg = Release|Any CPU
		{F7E9493A-35E3-4D12-BB81-BE6E42B9F540}.Release|Any CPU.Build.0 = Release|Any CPU
		{C39FF0C4-6960-42AD-8E2C-D2CAFE850A52}.Debug|Any CPU.ActiveCfg = Debug|Any CPU
		{C39FF0C4-6960-42AD-8E2C-D2CAFE850A52}.Debug|Any CPU.Build.0 = Debug|Any CPU
		{C39FF0C4-6960-42AD-8E2C-D2CAFE850A52}.Release|Any CPU.ActiveCfg = Release|Any CPU
		{C39FF0C4-6960-42AD-8E2C-D2CAFE850A52}.Release|Any CPU.Build.0 = Release|Any CPU
	EndGlobalSection
	GlobalSection(SolutionProperties) = preSolution
		HideSolutionNode = FALSE
	EndGlobalSection
	GlobalSection(ExtensibilityGlobals) = postSolution
		SolutionGuid = {680108C7-75BD-4F3C-9CDA-0B0714D48E48}
	EndGlobalSection
EndGlobal
