
Microsoft Visual Studio Solution File, Format Version 12.00
# Visual Studio 15
VisualStudioVersion = 15.0.27130.2027
MinimumVisualStudioVersion = 10.0.40219.1
Project("{FAE04EC0-301F-11D3-BF4B-00C04F79EFBC}") = "A1", "A1\A1.csproj", "{6E6FEB61-CEC6-4D61-A200-56B83CDD2802}"
EndProject
Project("{FAE04EC0-301F-11D3-BF4B-00C04F79EFBC}") = "A1Tests1", "A1Tests1\A1Tests1.csproj", "{BCCB5242-D191-45CC-A94D-163C4D88405B}"
EndProject
Project("{FAE04EC0-301F-11D3-BF4B-00C04F79EFBC}") = "TestCommon", "TestCommon\TestCommon.csproj", "{C39FF0C4-6960-42AD-8E2C-D2CAFE850A52}"
EndProject
Global
	GlobalSection(SolutionConfigurationPlatforms) = preSolution
		Debug|Any CPU = Debug|Any CPU
		Release|Any CPU = Release|Any CPU
	EndGlobalSection
	GlobalSection(ProjectConfigurationPlatforms) = postSolution
		{6E6FEB61-CEC6-4D61-A200-56B83CDD2802}.Debug|Any CPU.ActiveCfg = Debug|Any CPU
		{6E6FEB61-CEC6-4D61-A200-56B83CDD2802}.Debug|Any CPU.Build.0 = Debug|Any CPU
		{6E6FEB61-CEC6-4D61-A200-56B83CDD2802}.Release|Any CPU.ActiveCfg = Release|Any CPU
		{6E6FEB61-CEC6-4D61-A200-56B83CDD2802}.Release|Any CPU.Build.0 = Release|Any CPU
		{BCCB5242-D191-45CC-A94D-163C4D88405B}.Debug|Any CPU.ActiveCfg = Debug|Any CPU
		{BCCB5242-D191-45CC-A94D-163C4D88405B}.Debug|Any CPU.Build.0 = Debug|Any CPU
		{BCCB5242-D191-45CC-A94D-163C4D88405B}.Release|Any CPU.ActiveCfg = Release|Any CPU
		{BCCB5242-D191-45CC-A94D-163C4D88405B}.Release|Any CPU.Build.0 = Release|Any CPU
		{C39FF0C4-6960-42AD-8E2C-D2CAFE850A52}.Debug|Any CPU.ActiveCfg = Debug|Any CPU
		{C39FF0C4-6960-42AD-8E2C-D2CAFE850A52}.Debug|Any CPU.Build.0 = Debug|Any CPU
		{C39FF0C4-6960-42AD-8E2C-D2CAFE850A52}.Release|Any CPU.ActiveCfg = Release|Any CPU
		{C39FF0C4-6960-42AD-8E2C-D2CAFE850A52}.Release|Any CPU.Build.0 = Release|Any CPU
	EndGlobalSection
	GlobalSection(SolutionProperties) = preSolution
		HideSolutionNode = FALSE
	EndGlobalSection
	GlobalSection(ExtensibilityGlobals) = postSolution
		SolutionGuid = {E56FD219-85D3-4ED8-A4D3-C72A35ECFB4E}
	EndGlobalSection
EndGlobal
