
Microsoft Visual Studio Solution File, Format Version 12.00
# Visual Studio 15
VisualStudioVersion = 15.0.27130.2027
MinimumVisualStudioVersion = 10.0.40219.1
Project("{FAE04EC0-301F-11D3-BF4B-00C04F79EFBC}") = "Q1", "Q1\Q1.csproj", "{C7A829DF-9ACA-4EE2-A6FD-4CE7D24AD353}"
EndProject
Project("{FAE04EC0-301F-11D3-BF4B-00C04F79EFBC}") = "Q1Tests", "Q1Tests\Q1Tests.csproj", "{A3FE6605-C8CA-4B12-9768-5B261B73EFA3}"
EndProject
Global
	GlobalSection(SolutionConfigurationPlatforms) = preSolution
		Debug|Any CPU = Debug|Any CPU
		Release|Any CPU = Release|Any CPU
	EndGlobalSection
	GlobalSection(ProjectConfigurationPlatforms) = postSolution
		{C7A829DF-9ACA-4EE2-A6FD-4CE7D24AD353}.Debug|Any CPU.ActiveCfg = Debug|Any CPU
		{C7A829DF-9ACA-4EE2-A6FD-4CE7D24AD353}.Debug|Any CPU.Build.0 = Debug|Any CPU
		{C7A829DF-9ACA-4EE2-A6FD-4CE7D24AD353}.Release|Any CPU.ActiveCfg = Release|Any CPU
		{C7A829DF-9ACA-4EE2-A6FD-4CE7D24AD353}.Release|Any CPU.Build.0 = Release|Any CPU
		{A3FE6605-C8CA-4B12-9768-5B261B73EFA3}.Debug|Any CPU.ActiveCfg = Debug|Any CPU
		{A3FE6605-C8CA-4B12-9768-5B261B73EFA3}.Debug|Any CPU.Build.0 = Debug|Any CPU
		{A3FE6605-C8CA-4B12-9768-5B261B73EFA3}.Release|Any CPU.ActiveCfg = Release|Any CPU
		{A3FE6605-C8CA-4B12-9768-5B261B73EFA3}.Release|Any CPU.Build.0 = Release|Any CPU
	EndGlobalSection
	GlobalSection(SolutionProperties) = preSolution
		HideSolutionNode = FALSE
	EndGlobalSection
	GlobalSection(ExtensibilityGlobals) = postSolution
		SolutionGuid = {8A2E73F5-DB76-4A36-B266-D2770DC13514}
	EndGlobalSection
EndGlobal
