
Microsoft Visual Studio Solution File, Format Version 12.00
# Visual Studio 15
VisualStudioVersion = 15.0.27130.2027
MinimumVisualStudioVersion = 10.0.40219.1
Project("{FAE04EC0-301F-11D3-BF4B-00C04F79EFBC}") = "A6", "A6\A6.csproj", "{1C61533C-D4B7-4788-8892-C1D7C81B11C4}"
EndProject
Project("{FAE04EC0-301F-11D3-BF4B-00C04F79EFBC}") = "TestCommon", "..\Common\TestCommon\TestCommon.csproj", "{C39FF0C4-6960-42AD-8E2C-D2CAFE850A52}"
EndProject
Project("{FAE04EC0-301F-11D3-BF4B-00C04F79EFBC}") = "A6Tests", "A6Tests\A6Tests.csproj", "{6B03C8ED-3B8B-4FAC-923D-9DA01CE2C4CD}"
EndProject
Global
	GlobalSection(SolutionConfigurationPlatforms) = preSolution
		Debug|Any CPU = Debug|Any CPU
		Release|Any CPU = Release|Any CPU
	EndGlobalSection
	GlobalSection(ProjectConfigurationPlatforms) = postSolution
		{1C61533C-D4B7-4788-8892-C1D7C81B11C4}.Debug|Any CPU.ActiveCfg = Debug|Any CPU
		{1C61533C-D4B7-4788-8892-C1D7C81B11C4}.Debug|Any CPU.Build.0 = Debug|Any CPU
		{1C61533C-D4B7-4788-8892-C1D7C81B11C4}.Release|Any CPU.ActiveCfg = Release|Any CPU
		{1C61533C-D4B7-4788-8892-C1D7C81B11C4}.Release|Any CPU.Build.0 = Release|Any CPU
		{C39FF0C4-6960-42AD-8E2C-D2CAFE850A52}.Debug|Any CPU.ActiveCfg = Debug|Any CPU
		{C39FF0C4-6960-42AD-8E2C-D2CAFE850A52}.Debug|Any CPU.Build.0 = Debug|Any CPU
		{C39FF0C4-6960-42AD-8E2C-D2CAFE850A52}.Release|Any CPU.ActiveCfg = Release|Any CPU
		{C39FF0C4-6960-42AD-8E2C-D2CAFE850A52}.Release|Any CPU.Build.0 = Release|Any CPU
		{6B03C8ED-3B8B-4FAC-923D-9DA01CE2C4CD}.Debug|Any CPU.ActiveCfg = Debug|Any CPU
		{6B03C8ED-3B8B-4FAC-923D-9DA01CE2C4CD}.Debug|Any CPU.Build.0 = Debug|Any CPU
		{6B03C8ED-3B8B-4FAC-923D-9DA01CE2C4CD}.Release|Any CPU.ActiveCfg = Release|Any CPU
		{6B03C8ED-3B8B-4FAC-923D-9DA01CE2C4CD}.Release|Any CPU.Build.0 = Release|Any CPU
	EndGlobalSection
	GlobalSection(SolutionProperties) = preSolution
		HideSolutionNode = FALSE
	EndGlobalSection
	GlobalSection(ExtensibilityGlobals) = postSolution
		SolutionGuid = {5E81B04B-A5BB-4A1A-90C5-32C044A82EE7}
	EndGlobalSection
EndGlobal
