
Microsoft Visual Studio Solution File, Format Version 12.00
# Visual Studio 15
VisualStudioVersion = 15.0.27130.2027
MinimumVisualStudioVersion = 10.0.40219.1
Project("{FAE04EC0-301F-11D3-BF4B-00C04F79EFBC}") = "A8", "A8\A8.csproj", "{80208E85-34C6-48B8-86CE-6EE0E13E75AF}"
EndProject
Project("{FAE04EC0-301F-11D3-BF4B-00C04F79EFBC}") = "A8Tests", "A8Tests\A8Tests.csproj", "{914B6BF0-0059-43A8-8B6A-ACF4AE2C4C8D}"
EndProject
Project("{FAE04EC0-301F-11D3-BF4B-00C04F79EFBC}") = "TestCommon", "..\Common\TestCommon\TestCommon.csproj", "{C39FF0C4-6960-42AD-8E2C-D2CAFE850A52}"
EndProject
Global
	GlobalSection(SolutionConfigurationPlatforms) = preSolution
		Debug|Any CPU = Debug|Any CPU
		Release|Any CPU = Release|Any CPU
	EndGlobalSection
	GlobalSection(ProjectConfigurationPlatforms) = postSolution
		{80208E85-34C6-48B8-86CE-6EE0E13E75AF}.Debug|Any CPU.ActiveCfg = Debug|Any CPU
		{80208E85-34C6-48B8-86CE-6EE0E13E75AF}.Debug|Any CPU.Build.0 = Debug|Any CPU
		{80208E85-34C6-48B8-86CE-6EE0E13E75AF}.Release|Any CPU.ActiveCfg = Release|Any CPU
		{80208E85-34C6-48B8-86CE-6EE0E13E75AF}.Release|Any CPU.Build.0 = Release|Any CPU
		{914B6BF0-0059-43A8-8B6A-ACF4AE2C4C8D}.Debug|Any CPU.ActiveCfg = Debug|Any CPU
		{914B6BF0-0059-43A8-8B6A-ACF4AE2C4C8D}.Debug|Any CPU.Build.0 = Debug|Any CPU
		{914B6BF0-0059-43A8-8B6A-ACF4AE2C4C8D}.Release|Any CPU.ActiveCfg = Release|Any CPU
		{914B6BF0-0059-43A8-8B6A-ACF4AE2C4C8D}.Release|Any CPU.Build.0 = Release|Any CPU
		{C39FF0C4-6960-42AD-8E2C-D2CAFE850A52}.Debug|Any CPU.ActiveCfg = Debug|Any CPU
		{C39FF0C4-6960-42AD-8E2C-D2CAFE850A52}.Debug|Any CPU.Build.0 = Debug|Any CPU
		{C39FF0C4-6960-42AD-8E2C-D2CAFE850A52}.Release|Any CPU.ActiveCfg = Release|Any CPU
		{C39FF0C4-6960-42AD-8E2C-D2CAFE850A52}.Release|Any CPU.Build.0 = Release|Any CPU
	EndGlobalSection
	GlobalSection(SolutionProperties) = preSolution
		HideSolutionNode = FALSE
	EndGlobalSection
	GlobalSection(ExtensibilityGlobals) = postSolution
		SolutionGuid = {18A2E631-BDDF-44A6-AA0B-0C460824BC80}
	EndGlobalSection
EndGlobal
